// !$*UTF8*$!
{
	archiveVersion = 1;
	classes = {
	};
	objectVersion = 77;
	objects = {

/* Begin PBXBuildFile section */
		8F9B150E2EF310AD00F02658 /* Lottie in Frameworks */ = {isa = PBXBuildFile; productRef = 8F9B150D2EF310AD00F02658 /* Lottie */; };
		8F9B15112EF310B600F02658 /* AppsFlyerLib in Frameworks */ = {isa = PBXBuildFile; productRef = 8F9B15102EF310B600F02658 /* AppsFlyerLib */; };
		8F9B15142EF310BE00F02658 /* ConfettiSwiftUI in Frameworks */ = {isa = PBXBuildFile; productRef = 8F9B15132EF310BE00F02658 /* ConfettiSwiftUI */; };
		8F9B15172EF3111900F02658 /* FirebaseMessaging in Frameworks */ = {isa = PBXBuildFile; productRef = 8F9B15162EF3111900F02658 /* FirebaseMessaging */; };
		8F9B15452EF446EF00F02658 /* NotificationsServiceExtension.appex in Embed Foundation Extensions */ = {isa = PBXBuildFile; fileRef = 8F9B153E2EF446EF00F02658 /* NotificationsServiceExtension.appex */; settings = {ATTRIBUTES = (RemoveHeadersOnCopy, ); }; };
		8F9B154D2EF4470200F02658 /* FirebaseMessaging in Frameworks */ = {isa = PBXBuildFile; productRef = 8F9B154C2EF4470200F02658 /* FirebaseMessaging */; };
/* End PBXBuildFile section */

/* Begin PBXContainerItemProxy section */
		8F9B15432EF446EF00F02658 /* PBXContainerItemProxy */ = {
			isa = PBXContainerItemProxy;
			containerPortal = 956FBF052ED9A974008FD178 /* Project object */;
			proxyType = 1;
			remoteGlobalIDString = 8F9B153D2EF446EF00F02658;
			remoteInfo = NotificationsServiceExtension;
		};
		956FBF1B2ED9A976008FD178 /* PBXContainerItemProxy */ = {
			isa = PBXContainerItemProxy;
			containerPortal = 956FBF052ED9A974008FD178 /* Project object */;
			proxyType = 1;
			remoteGlobalIDString = 956FBF0C2ED9A974008FD178;
			remoteInfo = metaforaapp;
		};
		956FBF252ED9A976008FD178 /* PBXContainerItemProxy */ = {
			isa = PBXContainerItemProxy;
			containerPortal = 956FBF052ED9A974008FD178 /* Project object */;
			proxyType = 1;
			remoteGlobalIDString = 956FBF0C2ED9A974008FD178;
			remoteInfo = metaforaapp;
		};
/* End PBXContainerItemProxy section */

/* Begin PBXCopyFilesBuildPhase section */
		8F9B154A2EF446EF00F02658 /* Embed Foundation Extensions */ = {
			isa = PBXCopyFilesBuildPhase;
			buildActionMask = 2147483647;
			dstPath = "";
			dstSubfolderSpec = 13;
			files = (
				8F9B15452EF446EF00F02658 /* NotificationsServiceExtension.appex in Embed Foundation Extensions */,
			);
			name = "Embed Foundation Extensions";
			runOnlyForDeploymentPostprocessing = 0;
		};
/* End PBXCopyFilesBuildPhase section */

/* Begin PBXFileReference section */
		8F9B153E2EF446EF00F02658 /* NotificationsServiceExtension.appex */ = {isa = PBXFileReference; explicitFileType = "wrapper.app-extension"; includeInIndex = 0; path = NotificationsServiceExtension.appex; sourceTree = BUILT_PRODUCTS_DIR; };
		956FBF0D2ED9A974008FD178 /* metaforaapp.app */ = {isa = PBXFileReference; explicitFileType = wrapper.application; includeInIndex = 0; path = metaforaapp.app; sourceTree = BUILT_PRODUCTS_DIR; };
		956FBF1A2ED9A976008FD178 /* metaforaappTests.xctest */ = {isa = PBXFileReference; explicitFileType = wrapper.cfbundle; includeInIndex = 0; path = metaforaappTests.xctest; sourceTree = BUILT_PRODUCTS_DIR; };
		956FBF242ED9A976008FD178 /* metaforaappUITests.xctest */ = {isa = PBXFileReference; explicitFileType = wrapper.cfbundle; includeInIndex = 0; path = metaforaappUITests.xctest; sourceTree = BUILT_PRODUCTS_DIR; };
/* End PBXFileReference section */

/* Begin PBXFileSystemSynchronizedBuildFileExceptionSet section */
		8F9B15192EF3112700F02658 /* Exceptions for "metaforaapp" folder in "metaforaapp" target */ = {
			isa = PBXFileSystemSynchronizedBuildFileExceptionSet;
			membershipExceptions = (
				Info.plist,
			);
			target = 956FBF0C2ED9A974008FD178 /* metaforaapp */;
		};
		8F9B15492EF446EF00F02658 /* Exceptions for "NotificationsServiceExtension" folder in "NotificationsServiceExtension" target */ = {
			isa = PBXFileSystemSynchronizedBuildFileExceptionSet;
			membershipExceptions = (
				Info.plist,
			);
			target = 8F9B153D2EF446EF00F02658 /* NotificationsServiceExtension */;
		};
/* End PBXFileSystemSynchronizedBuildFileExceptionSet section */

/* Begin PBXFileSystemSynchronizedRootGroup section */
		8F9B153F2EF446EF00F02658 /* NotificationsServiceExtension */ = {
			isa = PBXFileSystemSynchronizedRootGroup;
			exceptions = (
				8F9B15492EF446EF00F02658 /* Exceptions for "NotificationsServiceExtension" folder in "NotificationsServiceExtension" target */,
			);
			path = NotificationsServiceExtension;
			sourceTree = "<group>";
		};
		956FBF0F2ED9A974008FD178 /* metaforaapp */ = {
			isa = PBXFileSystemSynchronizedRootGroup;
			exceptions = (
				8F9B15192EF3112700F02658 /* Exceptions for "metaforaapp" folder in "metaforaapp" target */,
			);
			path = metaforaapp;
			sourceTree = "<group>";
		};
		956FBF1D2ED9A976008FD178 /* metaforaappTests */ = {
			isa = PBXFileSystemSynchronizedRootGroup;
			path = metaforaappTests;
			sourceTree = "<group>";
		};
		956FBF272ED9A976008FD178 /* metaforaappUITests */ = {
			isa = PBXFileSystemSynchronizedRootGroup;
			path = metaforaappUITests;
			sourceTree = "<group>";
		};
		956FBF372ED9A982008FD178 /* home */ = {
			isa = PBXFileSystemSynchronizedRootGroup;
			path = home;
			sourceTree = "<group>";
		};
/* End PBXFileSystemSynchronizedRootGroup section */

/* Begin PBXFrameworksBuildPhase section */
		8F9B153B2EF446EF00F02658 /* Frameworks */ = {
			isa = PBXFrameworksBuildPhase;
			buildActionMask = 2147483647;
			files = (
				8F9B154D2EF4470200F02658 /* FirebaseMessaging in Frameworks */,
			);
			runOnlyForDeploymentPostprocessing = 0;
		};
		956FBF0A2ED9A974008FD178 /* Frameworks */ = {
			isa = PBXFrameworksBuildPhase;
			buildActionMask = 2147483647;
			files = (
				8F9B15172EF3111900F02658 /* FirebaseMessaging in Frameworks */,
				8F9B15142EF310BE00F02658 /* ConfettiSwiftUI in Frameworks */,
				8F9B150E2EF310AD00F02658 /* Lottie in Frameworks */,
				8F9B15112EF310B600F02658 /* AppsFlyerLib in Frameworks */,
			);
			runOnlyForDeploymentPostprocessing = 0;
		};
		956FBF172ED9A976008FD178 /* Frameworks */ = {
			isa = PBXFrameworksBuildPhase;
			buildActionMask = 2147483647;
			files = (
			);
			runOnlyForDeploymentPostprocessing = 0;
		};
		956FBF212ED9A976008FD178 /* Frameworks */ = {
			isa = PBXFrameworksBuildPhase;
			buildActionMask = 2147483647;
			files = (
			);
			runOnlyForDeploymentPostprocessing = 0;
		};
/* End PBXFrameworksBuildPhase section */

/* Begin PBXGroup section */
		8F9B154B2EF4470200F02658 /* Frameworks */ = {
			isa = PBXGroup;
			children = (
			);
			name = Frameworks;
			sourceTree = "<group>";
		};
		956FBF042ED9A974008FD178 = {
			isa = PBXGroup;
			children = (
				956FBF372ED9A982008FD178 /* home */,
				956FBF0F2ED9A974008FD178 /* metaforaapp */,
				956FBF1D2ED9A976008FD178 /* metaforaappTests */,
				956FBF272ED9A976008FD178 /* metaforaappUITests */,
				8F9B153F2EF446EF00F02658 /* NotificationsServiceExtension */,
				8F9B154B2EF4470200F02658 /* Frameworks */,
				956FBF0E2ED9A974008FD178 /* Products */,
			);
			sourceTree = "<group>";
		};
		956FBF0E2ED9A974008FD178 /* Products */ = {
			isa = PBXGroup;
			children = (
				956FBF0D2ED9A974008FD178 /* metaforaapp.app */,
				956FBF1A2ED9A976008FD178 /* metaforaappTests.xctest */,
				956FBF242ED9A976008FD178 /* metaforaappUITests.xctest */,
				8F9B153E2EF446EF00F02658 /* NotificationsServiceExtension.appex */,
			);
			name = Products;
			sourceTree = "<group>";
		};
/* End PBXGroup section */

/* Begin PBXNativeTarget section */
		8F9B153D2EF446EF00F02658 /* NotificationsServiceExtension */ = {
			isa = PBXNativeTarget;
			buildConfigurationList = 8F9B15462EF446EF00F02658 /* Build configuration list for PBXNativeTarget "NotificationsServiceExtension" */;
			buildPhases = (
				8F9B153A2EF446EF00F02658 /* Sources */,
				8F9B153B2EF446EF00F02658 /* Frameworks */,
				8F9B153C2EF446EF00F02658 /* Resources */,
			);
			buildRules = (
			);
			dependencies = (
			);
			fileSystemSynchronizedGroups = (
				8F9B153F2EF446EF00F02658 /* NotificationsServiceExtension */,
			);
			name = NotificationsServiceExtension;
			packageProductDependencies = (
				8F9B154C2EF4470200F02658 /* FirebaseMessaging */,
			);
			productName = NotificationsServiceExtension;
			productReference = 8F9B153E2EF446EF00F02658 /* NotificationsServiceExtension.appex */;
			productType = "com.apple.product-type.app-extension";
		};
		956FBF0C2ED9A974008FD178 /* metaforaapp */ = {
			isa = PBXNativeTarget;
			buildConfigurationList = 956FBF2E2ED9A976008FD178 /* Build configuration list for PBXNativeTarget "metaforaapp" */;
			buildPhases = (
				956FBF092ED9A974008FD178 /* Sources */,
				956FBF0A2ED9A974008FD178 /* Frameworks */,
				956FBF0B2ED9A974008FD178 /* Resources */,
				8F9B154A2EF446EF00F02658 /* Embed Foundation Extensions */,
			);
			buildRules = (
			);
			dependencies = (
				8F9B15442EF446EF00F02658 /* PBXTargetDependency */,
			);
			fileSystemSynchronizedGroups = (
				956FBF0F2ED9A974008FD178 /* metaforaapp */,
				956FBF372ED9A982008FD178 /* home */,
			);
			name = metaforaapp;
			packageProductDependencies = (
				8F9B150D2EF310AD00F02658 /* Lottie */,
				8F9B15102EF310B600F02658 /* AppsFlyerLib */,
				8F9B15132EF310BE00F02658 /* ConfettiSwiftUI */,
				8F9B15162EF3111900F02658 /* FirebaseMessaging */,
			);
			productName = metaforaapp;
			productReference = 956FBF0D2ED9A974008FD178 /* metaforaapp.app */;
			productType = "com.apple.product-type.application";
		};
		956FBF192ED9A976008FD178 /* metaforaappTests */ = {
			isa = PBXNativeTarget;
			buildConfigurationList = 956FBF312ED9A976008FD178 /* Build configuration list for PBXNativeTarget "metaforaappTests" */;
			buildPhases = (
				956FBF162ED9A976008FD178 /* Sources */,
				956FBF172ED9A976008FD178 /* Frameworks */,
				956FBF182ED9A976008FD178 /* Resources */,
			);
			buildRules = (
			);
			dependencies = (
				956FBF1C2ED9A976008FD178 /* PBXTargetDependency */,
			);
			fileSystemSynchronizedGroups = (
				956FBF1D2ED9A976008FD178 /* metaforaappTests */,
			);
			name = metaforaappTests;
			packageProductDependencies = (
			);
			productName = metaforaappTests;
			productReference = 956FBF1A2ED9A976008FD178 /* metaforaappTests.xctest */;
			productType = "com.apple.product-type.bundle.unit-test";
		};
		956FBF232ED9A976008FD178 /* metaforaappUITests */ = {
			isa = PBXNativeTarget;
			buildConfigurationList = 956FBF342ED9A976008FD178 /* Build configuration list for PBXNativeTarget "metaforaappUITests" */;
			buildPhases = (
				956FBF202ED9A976008FD178 /* Sources */,
				956FBF212ED9A976008FD178 /* Frameworks */,
				956FBF222ED9A976008FD178 /* Resources */,
			);
			buildRules = (
			);
			dependencies = (
				956FBF262ED9A976008FD178 /* PBXTargetDependency */,
			);
			fileSystemSynchronizedGroups = (
				956FBF272ED9A976008FD178 /* metaforaappUITests */,
			);
			name = metaforaappUITests;
			packageProductDependencies = (
			);
			productName = metaforaappUITests;
			productReference = 956FBF242ED9A976008FD178 /* metaforaappUITests.xctest */;
			productType = "com.apple.product-type.bundle.ui-testing";
		};
/* End PBXNativeTarget section */

/* Begin PBXProject section */
		956FBF052ED9A974008FD178 /* Project object */ = {
			isa = PBXProject;
			attributes = {
				BuildIndependentTargetsInParallel = 1;
				LastSwiftUpdateCheck = 1640;
				LastUpgradeCheck = 2610;
				TargetAttributes = {
					8F9B153D2EF446EF00F02658 = {
						CreatedOnToolsVersion = 16.4;
					};
					956FBF0C2ED9A974008FD178 = {
						CreatedOnToolsVersion = 26.1.1;
					};
					956FBF192ED9A976008FD178 = {
						CreatedOnToolsVersion = 26.1.1;
						TestTargetID = 956FBF0C2ED9A974008FD178;
					};
					956FBF232ED9A976008FD178 = {
						CreatedOnToolsVersion = 26.1.1;
						TestTargetID = 956FBF0C2ED9A974008FD178;
					};
				};
			};
			buildConfigurationList = 956FBF082ED9A974008FD178 /* Build configuration list for PBXProject "metaforaapp" */;
			developmentRegion = en;
			hasScannedForEncodings = 0;
			knownRegions = (
				en,
				Base,
			);
			mainGroup = 956FBF042ED9A974008FD178;
			minimizedProjectReferenceProxies = 1;
			packageReferences = (
				8F9B150C2EF310AD00F02658 /* XCRemoteSwiftPackageReference "lottie-ios" */,
				8F9B150F2EF310B600F02658 /* XCRemoteSwiftPackageReference "AppsFlyerFramework" */,
				8F9B15122EF310BE00F02658 /* XCRemoteSwiftPackageReference "ConfettiSwiftUI" */,
				8F9B15152EF3111900F02658 /* XCRemoteSwiftPackageReference "firebase-ios-sdk" */,
			);
			preferredProjectObjectVersion = 77;
			productRefGroup = 956FBF0E2ED9A974008FD178 /* Products */;
			projectDirPath = "";
			projectRoot = "";
			targets = (
				956FBF0C2ED9A974008FD178 /* metaforaapp */,
				956FBF192ED9A976008FD178 /* metaforaappTests */,
				956FBF232ED9A976008FD178 /* metaforaappUITests */,
				8F9B153D2EF446EF00F02658 /* NotificationsServiceExtension */,
			);
		};
/* End PBXProject section */

/* Begin PBXResourcesBuildPhase section */
		8F9B153C2EF446EF00F02658 /* Resources */ = {
			isa = PBXResourcesBuildPhase;
			buildActionMask = 2147483647;
			files = (
			);
			runOnlyForDeploymentPostprocessing = 0;
		};
		956FBF0B2ED9A974008FD178 /* Resources */ = {
			isa = PBXResourcesBuildPhase;
			buildActionMask = 2147483647;
			files = (
			);
			runOnlyForDeploymentPostprocessing = 0;
		};
		956FBF182ED9A976008FD178 /* Resources */ = {
			isa = PBXResourcesBuildPhase;
			buildActionMask = 2147483647;
			files = (
			);
			runOnlyForDeploymentPostprocessing = 0;
		};
		956FBF222ED9A976008FD178 /* Resources */ = {
			isa = PBXResourcesBuildPhase;
			buildActionMask = 2147483647;
			files = (
			);
			runOnlyForDeploymentPostprocessing = 0;
		};
/* End PBXResourcesBuildPhase section */

/* Begin PBXSourcesBuildPhase section */
		8F9B153A2EF446EF00F02658 /* Sources */ = {
			isa = PBXSourcesBuildPhase;
			buildActionMask = 2147483647;
			files = (
			);
			runOnlyForDeploymentPostprocessing = 0;
		};
		956FBF092ED9A974008FD178 /* Sources */ = {
			isa = PBXSourcesBuildPhase;
			buildActionMask = 2147483647;
			files = (
			);
			runOnlyForDeploymentPostprocessing = 0;
		};
		956FBF162ED9A976008FD178 /* Sources */ = {
			isa = PBXSourcesBuildPhase;
			buildActionMask = 2147483647;
			files = (
			);
			runOnlyForDeploymentPostprocessing = 0;
		};
		956FBF202ED9A976008FD178 /* Sources */ = {
			isa = PBXSourcesBuildPhase;
			buildActionMask = 2147483647;
			files = (
			);
			runOnlyForDeploymentPostprocessing = 0;
		};
/* End PBXSourcesBuildPhase section */

/* Begin PBXTargetDependency section */
		8F9B15442EF446EF00F02658 /* PBXTargetDependency */ = {
			isa = PBXTargetDependency;
			target = 8F9B153D2EF446EF00F02658 /* NotificationsServiceExtension */;
			targetProxy = 8F9B15432EF446EF00F02658 /* PBXContainerItemProxy */;
		};
		956FBF1C2ED9A976008FD178 /* PBXTargetDependency */ = {
			isa = PBXTargetDependency;
			target = 956FBF0C2ED9A974008FD178 /* metaforaapp */;
			targetProxy = 956FBF1B2ED9A976008FD178 /* PBXContainerItemProxy */;
		};
		956FBF262ED9A976008FD178 /* PBXTargetDependency */ = {
			isa = PBXTargetDependency;
			target = 956FBF0C2ED9A974008FD178 /* metaforaapp */;
			targetProxy = 956FBF252ED9A976008FD178 /* PBXContainerItemProxy */;
		};
/* End PBXTargetDependency section */

/* Begin XCBuildConfiguration section */
		8F9B15472EF446EF00F02658 /* Debug */ = {
			isa = XCBuildConfiguration;
			buildSettings = {
				CODE_SIGN_STYLE = Automatic;
				CURRENT_PROJECT_VERSION = 1;
				DEVELOPMENT_TEAM = "";
				GENERATE_INFOPLIST_FILE = YES;
				INFOPLIST_FILE = NotificationsServiceExtension/Info.plist;
				INFOPLIST_KEY_CFBundleDisplayName = NotificationsServiceExtension;
				INFOPLIST_KEY_NSHumanReadableCopyright = "";
				IPHONEOS_DEPLOYMENT_TARGET = 16.0;
				LD_RUNPATH_SEARCH_PATHS = (
					"$(inherited)",
					"@executable_path/Frameworks",
					"@executable_path/../../Frameworks",
				);
				MARKETING_VERSION = 1.0;
				PRODUCT_BUNDLE_IDENTIFIER = com.lunnaiirair.Lunair.NotificationsServiceExtension;
				PRODUCT_NAME = "$(TARGET_NAME)";
				SKIP_INSTALL = YES;
				SUPPORTED_PLATFORMS = "iphoneos iphonesimulator";
				SUPPORTS_MACCATALYST = NO;
				SUPPORTS_MAC_DESIGNED_FOR_IPHONE_IPAD = NO;
				SUPPORTS_XR_DESIGNED_FOR_IPHONE_IPAD = NO;
				SWIFT_EMIT_LOC_STRINGS = YES;
				SWIFT_VERSION = 5.0;
				TARGETED_DEVICE_FAMILY = 1;
			};
			name = Debug;
		};
		8F9B15482EF446EF00F02658 /* Release */ = {
			isa = XCBuildConfiguration;
			buildSettings = {
				CODE_SIGN_STYLE = Automatic;
				CURRENT_PROJECT_VERSION = 1;
				DEVELOPMENT_TEAM = "";
				GENERATE_INFOPLIST_FILE = YES;
				INFOPLIST_FILE = NotificationsServiceExtension/Info.plist;
				INFOPLIST_KEY_CFBundleDisplayName = NotificationsServiceExtension;
				INFOPLIST_KEY_NSHumanReadableCopyright = "";
				IPHONEOS_DEPLOYMENT_TARGET = 16.0;
				LD_RUNPATH_SEARCH_PATHS = (
					"$(inherited)",
					"@executable_path/Frameworks",
					"@executable_path/../../Frameworks",
				);
				MARKETING_VERSION = 1.0;
				PRODUCT_BUNDLE_IDENTIFIER = com.lunnaiirair.Lunair.NotificationsServiceExtension;
				PRODUCT_NAME = "$(TARGET_NAME)";
				SKIP_INSTALL = YES;
				SUPPORTED_PLATFORMS = "iphoneos iphonesimulator";
				SUPPORTS_MACCATALYST = NO;
				SUPPORTS_MAC_DESIGNED_FOR_IPHONE_IPAD = NO;
				SUPPORTS_XR_DESIGNED_FOR_IPHONE_IPAD = NO;
				SWIFT_EMIT_LOC_STRINGS = YES;
				SWIFT_VERSION = 5.0;
				TARGETED_DEVICE_FAMILY = 1;
			};
			name = Release;
		};
		956FBF2C2ED9A976008FD178 /* Debug */ = {
			isa = XCBuildConfiguration;
			buildSettings = {
				ALWAYS_SEARCH_USER_PATHS = NO;
				ASSETCATALOG_COMPILER_GENERATE_SWIFT_ASSET_SYMBOL_EXTENSIONS = YES;
				CLANG_ANALYZER_NONNULL = YES;
				CLANG_ANALYZER_NUMBER_OBJECT_CONVERSION = YES_AGGRESSIVE;
				CLANG_CXX_LANGUAGE_STANDARD = "gnu++20";
				CLANG_ENABLE_MODULES = YES;
				CLANG_ENABLE_OBJC_ARC = YES;
				CLANG_ENABLE_OBJC_WEAK = YES;
				CLANG_WARN_BLOCK_CAPTURE_AUTORELEASING = YES;
				CLANG_WARN_BOOL_CONVERSION = YES;
				CLANG_WARN_COMMA = YES;
				CLANG_WARN_CONSTANT_CONVERSION = YES;
				CLANG_WARN_DEPRECATED_OBJC_IMPLEMENTATIONS = YES;
				CLANG_WARN_DIRECT_OBJC_ISA_USAGE = YES_ERROR;
				CLANG_WARN_DOCUMENTATION_COMMENTS = YES;
				CLANG_WARN_EMPTY_BODY = YES;
				CLANG_WARN_ENUM_CONVERSION = YES;
				CLANG_WARN_INFINITE_RECURSION = YES;
				CLANG_WARN_INT_CONVERSION = YES;
				CLANG_WARN_NON_LITERAL_NULL_CONVERSION = YES;
				CLANG_WARN_OBJC_IMPLICIT_RETAIN_SELF = YES;
				CLANG_WARN_OBJC_LITERAL_CONVERSION = YES;
				CLANG_WARN_OBJC_ROOT_CLASS = YES_ERROR;
				CLANG_WARN_QUOTED_INCLUDE_IN_FRAMEWORK_HEADER = YES;
				CLANG_WARN_RANGE_LOOP_ANALYSIS = YES;
				CLANG_WARN_STRICT_PROTOTYPES = YES;
				CLANG_WARN_SUSPICIOUS_MOVE = YES;
				CLANG_WARN_UNGUARDED_AVAILABILITY = YES_AGGRESSIVE;
				CLANG_WARN_UNREACHABLE_CODE = YES;
				CLANG_WARN__DUPLICATE_METHOD_MATCH = YES;
				COPY_PHASE_STRIP = NO;
				DEBUG_INFORMATION_FORMAT = dwarf;
				DEVELOPMENT_TEAM = 7X47AV9RN8;
				ENABLE_STRICT_OBJC_MSGSEND = YES;
				ENABLE_TESTABILITY = YES;
				ENABLE_USER_SCRIPT_SANDBOXING = YES;
				GCC_C_LANGUAGE_STANDARD = gnu17;
				GCC_DYNAMIC_NO_PIC = NO;
				GCC_NO_COMMON_BLOCKS = YES;
				GCC_OPTIMIZATION_LEVEL = 0;
				GCC_PREPROCESSOR_DEFINITIONS = (
					"DEBUG=1",
					"$(inherited)",
				);
				GCC_WARN_64_TO_32_BIT_CONVERSION = YES;
				GCC_WARN_ABOUT_RETURN_TYPE = YES_ERROR;
				GCC_WARN_UNDECLARED_SELECTOR = YES;
				GCC_WARN_UNINITIALIZED_AUTOS = YES_AGGRESSIVE;
				GCC_WARN_UNUSED_FUNCTION = YES;
				GCC_WARN_UNUSED_VARIABLE = YES;
				IPHONEOS_DEPLOYMENT_TARGET = 26.1;
				LOCALIZATION_PREFERS_STRING_CATALOGS = YES;
				MTL_ENABLE_DEBUG_INFO = INCLUDE_SOURCE;
				MTL_FAST_MATH = YES;
				ONLY_ACTIVE_ARCH = YES;
				SDKROOT = iphoneos;
				SWIFT_ACTIVE_COMPILATION_CONDITIONS = "DEBUG $(inherited)";
				SWIFT_OPTIMIZATION_LEVEL = "-Onone";
			};
			name = Debug;
		};
		956FBF2D2ED9A976008FD178 /* Release */ = {
			isa = XCBuildConfiguration;
			buildSettings = {
				ALWAYS_SEARCH_USER_PATHS = NO;
				ASSETCATALOG_COMPILER_GENERATE_SWIFT_ASSET_SYMBOL_EXTENSIONS = YES;
				CLANG_ANALYZER_NONNULL = YES;
				CLANG_ANALYZER_NUMBER_OBJECT_CONVERSION = YES_AGGRESSIVE;
				CLANG_CXX_LANGUAGE_STANDARD = "gnu++20";
				CLANG_ENABLE_MODULES = YES;
				CLANG_ENABLE_OBJC_ARC = YES;
				CLANG_ENABLE_OBJC_WEAK = YES;
				CLANG_WARN_BLOCK_CAPTURE_AUTORELEASING = YES;
				CLANG_WARN_BOOL_CONVERSION = YES;
				CLANG_WARN_COMMA = YES;
				CLANG_WARN_CONSTANT_CONVERSION = YES;
				CLANG_WARN_DEPRECATED_OBJC_IMPLEMENTATIONS = YES;
				CLANG_WARN_DIRECT_OBJC_ISA_USAGE = YES_ERROR;
				CLANG_WARN_DOCUMENTATION_COMMENTS = YES;
				CLANG_WARN_EMPTY_BODY = YES;
				CLANG_WARN_ENUM_CONVERSION = YES;
				CLANG_WARN_INFINITE_RECURSION = YES;
				CLANG_WARN_INT_CONVERSION = YES;
				CLANG_WARN_NON_LITERAL_NULL_CONVERSION = YES;
				CLANG_WARN_OBJC_IMPLICIT_RETAIN_SELF = YES;
				CLANG_WARN_OBJC_LITERAL_CONVERSION = YES;
				CLANG_WARN_OBJC_ROOT_CLASS = YES_ERROR;
				CLANG_WARN_QUOTED_INCLUDE_IN_FRAMEWORK_HEADER = YES;
				CLANG_WARN_RANGE_LOOP_ANALYSIS = YES;
				CLANG_WARN_STRICT_PROTOTYPES = YES;
				CLANG_WARN_SUSPICIOUS_MOVE = YES;
				CLANG_WARN_UNGUARDED_AVAILABILITY = YES_AGGRESSIVE;
				CLANG_WARN_UNREACHABLE_CODE = YES;
				CLANG_WARN__DUPLICATE_METHOD_MATCH = YES;
				COPY_PHASE_STRIP = NO;
				DEBUG_INFORMATION_FORMAT = "dwarf-with-dsym";
				DEVELOPMENT_TEAM = 7X47AV9RN8;
				ENABLE_NS_ASSERTIONS = NO;
				ENABLE_STRICT_OBJC_MSGSEND = YES;
				ENABLE_USER_SCRIPT_SANDBOXING = YES;
				GCC_C_LANGUAGE_STANDARD = gnu17;
				GCC_NO_COMMON_BLOCKS = YES;
				GCC_WARN_64_TO_32_BIT_CONVERSION = YES;
				GCC_WARN_ABOUT_RETURN_TYPE = YES_ERROR;
				GCC_WARN_UNDECLARED_SELECTOR = YES;
				GCC_WARN_UNINITIALIZED_AUTOS = YES_AGGRESSIVE;
				GCC_WARN_UNUSED_FUNCTION = YES;
				GCC_WARN_UNUSED_VARIABLE = YES;
				IPHONEOS_DEPLOYMENT_TARGET = 26.1;
				LOCALIZATION_PREFERS_STRING_CATALOGS = YES;
				MTL_ENABLE_DEBUG_INFO = NO;
				MTL_FAST_MATH = YES;
				SDKROOT = iphoneos;
				SWIFT_COMPILATION_MODE = wholemodule;
				VALIDATE_PRODUCT = YES;
			};
			name = Release;
		};
		956FBF2F2ED9A976008FD178 /* Debug */ = {
			isa = XCBuildConfiguration;
			buildSettings = {
				ASSETCATALOG_COMPILER_APPICON_NAME = AppIcon;
				ASSETCATALOG_COMPILER_GLOBAL_ACCENT_COLOR_NAME = AccentColor;
				CODE_SIGN_ENTITLEMENTS = metaforaapp/metaforaapp.entitlements;
				CODE_SIGN_STYLE = Automatic;
				CURRENT_PROJECT_VERSION = 1;
				DEVELOPMENT_TEAM = "";
				ENABLE_PREVIEWS = YES;
				GENERATE_INFOPLIST_FILE = YES;
				INFOPLIST_FILE = metaforaapp/Info.plist;
				INFOPLIST_KEY_CFBundleDisplayName = "Lunair Gravity";
				INFOPLIST_KEY_LSApplicationCategoryType = "public.app-category.utilities";
				INFOPLIST_KEY_NSCameraUsageDescription = "Allow to use";
				INFOPLIST_KEY_NSUserTrackingUsageDescription = "Lunar Gravity may request permission to access limited device identifiers to support internal analytics and maintain app quality. This information is used solely to evaluate app performance, fix issues, and improve user interactions. We do not use this data for cross-app tracking, user profiling, or third-party advertising purposes.";
				INFOPLIST_KEY_UIApplicationSceneManifest_Generation = YES;
				INFOPLIST_KEY_UIApplicationSupportsIndirectInputEvents = YES;
				INFOPLIST_KEY_UILaunchScreen_Generation = YES;
				INFOPLIST_KEY_UISupportedInterfaceOrientations_iPad = "UIInterfaceOrientationPortrait UIInterfaceOrientationPortraitUpsideDown UIInterfaceOrientationLandscapeLeft UIInterfaceOrientationLandscapeRight";
				INFOPLIST_KEY_UISupportedInterfaceOrientations_iPhone = "UIInterfaceOrientationPortrait UIInterfaceOrientationLandscapeLeft UIInterfaceOrientationLandscapeRight";
				IPHONEOS_DEPLOYMENT_TARGET = 16.0;
				LD_RUNPATH_SEARCH_PATHS = (
					"$(inherited)",
					"@executable_path/Frameworks",
				);
				MARKETING_VERSION = 1.1;
				PRODUCT_BUNDLE_IDENTIFIER = com.lunnaiirair.Lunair;
				PRODUCT_NAME = "$(TARGET_NAME)";
				STRING_CATALOG_GENERATE_SYMBOLS = YES;
				SUPPORTED_PLATFORMS = "iphoneos iphonesimulator";
				SUPPORTS_MACCATALYST = NO;
				SUPPORTS_MAC_DESIGNED_FOR_IPHONE_IPAD = NO;
				SUPPORTS_XR_DESIGNED_FOR_IPHONE_IPAD = NO;
				SWIFT_APPROACHABLE_CONCURRENCY = YES;
				SWIFT_DEFAULT_ACTOR_ISOLATION = MainActor;
				SWIFT_EMIT_LOC_STRINGS = YES;
				SWIFT_UPCOMING_FEATURE_MEMBER_IMPORT_VISIBILITY = YES;
				SWIFT_VERSION = 5.0;
				TARGETED_DEVICE_FAMILY = 1;
			};
			name = Debug;
		};
		956FBF302ED9A976008FD178 /* Release */ = {
			isa = XCBuildConfiguration;
			buildSettings = {
				ASSETCATALOG_COMPILER_APPICON_NAME = AppIcon;
				ASSETCATALOG_COMPILER_GLOBAL_ACCENT_COLOR_NAME = AccentColor;
				CODE_SIGN_ENTITLEMENTS = metaforaapp/metaforaapp.entitlements;
				CODE_SIGN_STYLE = Automatic;
				CURRENT_PROJECT_VERSION = 1;
				DEVELOPMENT_TEAM = "";
				ENABLE_PREVIEWS = YES;
				GENERATE_INFOPLIST_FILE = YES;
				INFOPLIST_FILE = metaforaapp/Info.plist;
				INFOPLIST_KEY_CFBundleDisplayName = "Lunair Gravity";
				INFOPLIST_KEY_LSApplicationCategoryType = "public.app-category.utilities";
				INFOPLIST_KEY_NSCameraUsageDescription = "Allow to use";
				INFOPLIST_KEY_NSUserTrackingUsageDescription = "Lunar Gravity may request permission to access limited device identifiers to support internal analytics and maintain app quality. This information is used solely to evaluate app performance, fix issues, and improve user interactions. We do not use this data for cross-app tracking, user profiling, or third-party advertising purposes.";
				INFOPLIST_KEY_UIApplicationSceneManifest_Generation = YES;
				INFOPLIST_KEY_UIApplicationSupportsIndirectInputEvents = YES;
				INFOPLIST_KEY_UILaunchScreen_Generation = YES;
				INFOPLIST_KEY_UISupportedInterfaceOrientations_iPad = "UIInterfaceOrientationPortrait UIInterfaceOrientationPortraitUpsideDown UIInterfaceOrientationLandscapeLeft UIInterfaceOrientationLandscapeRight";
				INFOPLIST_KEY_UISupportedInterfaceOrientations_iPhone = "UIInterfaceOrientationPortrait UIInterfaceOrientationLandscapeLeft UIInterfaceOrientationLandscapeRight";
				IPHONEOS_DEPLOYMENT_TARGET = 16.0;
				LD_RUNPATH_SEARCH_PATHS = (
					"$(inherited)",
					"@executable_path/Frameworks",
				);
				MARKETING_VERSION = 1.1;
				PRODUCT_BUNDLE_IDENTIFIER = com.lunnaiirair.Lunair;
				PRODUCT_NAME = "$(TARGET_NAME)";
				STRING_CATALOG_GENERATE_SYMBOLS = YES;
				SUPPORTED_PLATFORMS = "iphoneos iphonesimulator";
				SUPPORTS_MACCATALYST = NO;
				SUPPORTS_MAC_DESIGNED_FOR_IPHONE_IPAD = NO;
				SUPPORTS_XR_DESIGNED_FOR_IPHONE_IPAD = NO;
				SWIFT_APPROACHABLE_CONCURRENCY = YES;
				SWIFT_DEFAULT_ACTOR_ISOLATION = MainActor;
				SWIFT_EMIT_LOC_STRINGS = YES;
				SWIFT_UPCOMING_FEATURE_MEMBER_IMPORT_VISIBILITY = YES;
				SWIFT_VERSION = 5.0;
				TARGETED_DEVICE_FAMILY = 1;
			};
			name = Release;
		};
		956FBF322ED9A976008FD178 /* Debug */ = {
			isa = XCBuildConfiguration;
			buildSettings = {
				BUNDLE_LOADER = "$(TEST_HOST)";
				CODE_SIGN_STYLE = Automatic;
				CURRENT_PROJECT_VERSION = 1;
				DEVELOPMENT_TEAM = 7X47AV9RN8;
				GENERATE_INFOPLIST_FILE = YES;
				IPHONEOS_DEPLOYMENT_TARGET = 26.1;
				MARKETING_VERSION = 1.0;
				PRODUCT_BUNDLE_IDENTIFIER = com.metaforaappTests;
				PRODUCT_NAME = "$(TARGET_NAME)";
				STRING_CATALOG_GENERATE_SYMBOLS = NO;
				SWIFT_APPROACHABLE_CONCURRENCY = YES;
				SWIFT_EMIT_LOC_STRINGS = NO;
				SWIFT_UPCOMING_FEATURE_MEMBER_IMPORT_VISIBILITY = YES;
				SWIFT_VERSION = 5.0;
				TARGETED_DEVICE_FAMILY = "1,2";
				TEST_HOST = "$(BUILT_PRODUCTS_DIR)/metaforaapp.app/$(BUNDLE_EXECUTABLE_FOLDER_PATH)/metaforaapp";
			};
			name = Debug;
		};
		956FBF332ED9A976008FD178 /* Release */ = {
			isa = XCBuildConfiguration;
			buildSettings = {
				BUNDLE_LOADER = "$(TEST_HOST)";
				CODE_SIGN_STYLE = Automatic;
				CURRENT_PROJECT_VERSION = 1;
				DEVELOPMENT_TEAM = 7X47AV9RN8;
				GENERATE_INFOPLIST_FILE = YES;
				IPHONEOS_DEPLOYMENT_TARGET = 26.1;
				MARKETING_VERSION = 1.0;
				PRODUCT_BUNDLE_IDENTIFIER = com.metaforaappTests;
				PRODUCT_NAME = "$(TARGET_NAME)";
				STRING_CATALOG_GENERATE_SYMBOLS = NO;
				SWIFT_APPROACHABLE_CONCURRENCY = YES;
				SWIFT_EMIT_LOC_STRINGS = NO;
				SWIFT_UPCOMING_FEATURE_MEMBER_IMPORT_VISIBILITY = YES;
				SWIFT_VERSION = 5.0;
				TARGETED_DEVICE_FAMILY = "1,2";
				TEST_HOST = "$(BUILT_PRODUCTS_DIR)/metaforaapp.app/$(BUNDLE_EXECUTABLE_FOLDER_PATH)/metaforaapp";
			};
			name = Release;
		};
		956FBF352ED9A976008FD178 /* Debug */ = {
			isa = XCBuildConfiguration;
			buildSettings = {
				CODE_SIGN_STYLE = Automatic;
				CURRENT_PROJECT_VERSION = 1;
				DEVELOPMENT_TEAM = 7X47AV9RN8;
				GENERATE_INFOPLIST_FILE = YES;
				MARKETING_VERSION = 1.0;
				PRODUCT_BUNDLE_IDENTIFIER = com.metaforaappUITests;
				PRODUCT_NAME = "$(TARGET_NAME)";
				STRING_CATALOG_GENERATE_SYMBOLS = NO;
				SWIFT_APPROACHABLE_CONCURRENCY = YES;
				SWIFT_EMIT_LOC_STRINGS = NO;
				SWIFT_UPCOMING_FEATURE_MEMBER_IMPORT_VISIBILITY = YES;
				SWIFT_VERSION = 5.0;
				TARGETED_DEVICE_FAMILY = "1,2";
				TEST_TARGET_NAME = metaforaapp;
			};
			name = Debug;
		};
		956FBF362ED9A976008FD178 /* Release */ = {
			isa = XCBuildConfiguration;
			buildSettings = {
				CODE_SIGN_STYLE = Automatic;
				CURRENT_PROJECT_VERSION = 1;
				DEVELOPMENT_TEAM = 7X47AV9RN8;
				GENERATE_INFOPLIST_FILE = YES;
				MARKETING_VERSION = 1.0;
				PRODUCT_BUNDLE_IDENTIFIER = com.metaforaappUITests;
				PRODUCT_NAME = "$(TARGET_NAME)";
				STRING_CATALOG_GENERATE_SYMBOLS = NO;
				SWIFT_APPROACHABLE_CONCURRENCY = YES;
				SWIFT_EMIT_LOC_STRINGS = NO;
				SWIFT_UPCOMING_FEATURE_MEMBER_IMPORT_VISIBILITY = YES;
				SWIFT_VERSION = 5.0;
				TARGETED_DEVICE_FAMILY = "1,2";
				TEST_TARGET_NAME = metaforaapp;
			};
			name = Release;
		};
/* End XCBuildConfiguration section */

/* Begin XCConfigurationList section */
		8F9B15462EF446EF00F02658 /* Build configuration list for PBXNativeTarget "NotificationsServiceExtension" */ = {
			isa = XCConfigurationList;
			buildConfigurations = (
				8F9B15472EF446EF00F02658 /* Debug */,
				8F9B15482EF446EF00F02658 /* Release */,
			);
			defaultConfigurationIsVisible = 0;
			defaultConfigurationName = Release;
		};
		956FBF082ED9A974008FD178 /* Build configuration list for PBXProject "metaforaapp" */ = {
			isa = XCConfigurationList;
			buildConfigurations = (
				956FBF2C2ED9A976008FD178 /* Debug */,
				956FBF2D2ED9A976008FD178 /* Release */,
			);
			defaultConfigurationIsVisible = 0;
			defaultConfigurationName = Release;
		};
		956FBF2E2ED9A976008FD178 /* Build configuration list for PBXNativeTarget "metaforaapp" */ = {
			isa = XCConfigurationList;
			buildConfigurations = (
				956FBF2F2ED9A976008FD178 /* Debug */,
				956FBF302ED9A976008FD178 /* Release */,
			);
			defaultConfigurationIsVisible = 0;
			defaultConfigurationName = Release;
		};
		956FBF312ED9A976008FD178 /* Build configuration list for PBXNativeTarget "metaforaappTests" */ = {
			isa = XCConfigurationList;
			buildConfigurations = (
				956FBF322ED9A976008FD178 /* Debug */,
				956FBF332ED9A976008FD178 /* Release */,
			);
			defaultConfigurationIsVisible = 0;
			defaultConfigurationName = Release;
		};
		956FBF342ED9A976008FD178 /* Build configuration list for PBXNativeTarget "metaforaappUITests" */ = {
			isa = XCConfigurationList;
			buildConfigurations = (
				956FBF352ED9A976008FD178 /* Debug */,
				956FBF362ED9A976008FD178 /* Release */,
			);
			defaultConfigurationIsVisible = 0;
			defaultConfigurationName = Release;
		};
/* End XCConfigurationList section */

/* Begin XCRemoteSwiftPackageReference section */
		8F9B150C2EF310AD00F02658 /* XCRemoteSwiftPackageReference "lottie-ios" */ = {
			isa = XCRemoteSwiftPackageReference;
			repositoryURL = "https://github.com/airbnb/lottie-ios.git";
			requirement = {
				kind = upToNextMajorVersion;
				minimumVersion = 4.5.2;
			};
		};
		8F9B150F2EF310B600F02658 /* XCRemoteSwiftPackageReference "AppsFlyerFramework" */ = {
			isa = XCRemoteSwiftPackageReference;
			repositoryURL = "https://github.com/AppsFlyerSDK/AppsFlyerFramework";
			requirement = {
				kind = upToNextMajorVersion;
				minimumVersion = 6.17.8;
			};
		};
		8F9B15122EF310BE00F02658 /* XCRemoteSwiftPackageReference "ConfettiSwiftUI" */ = {
			isa = XCRemoteSwiftPackageReference;
			repositoryURL = "https://github.com/simibac/ConfettiSwiftUI.git";
			requirement = {
				kind = upToNextMajorVersion;
				minimumVersion = 2.0.3;
			};
		};
		8F9B15152EF3111900F02658 /* XCRemoteSwiftPackageReference "firebase-ios-sdk" */ = {
			isa = XCRemoteSwiftPackageReference;
			repositoryURL = "https://github.com/firebase/firebase-ios-sdk";
			requirement = {
				kind = upToNextMajorVersion;
				minimumVersion = 12.7.0;
			};
		};
/* End XCRemoteSwiftPackageReference section */

/* Begin XCSwiftPackageProductDependency section */
		8F9B150D2EF310AD00F02658 /* Lottie */ = {
			isa = XCSwiftPackageProductDependency;
			package = 8F9B150C2EF310AD00F02658 /* XCRemoteSwiftPackageReference "lottie-ios" */;
			productName = Lottie;
		};
		8F9B15102EF310B600F02658 /* AppsFlyerLib */ = {
			isa = XCSwiftPackageProductDependency;
			package = 8F9B150F2EF310B600F02658 /* XCRemoteSwiftPackageReference "AppsFlyerFramework" */;
			productName = AppsFlyerLib;
		};
		8F9B15132EF310BE00F02658 /* ConfettiSwiftUI */ = {
			isa = XCSwiftPackageProductDependency;
			package = 8F9B15122EF310BE00F02658 /* XCRemoteSwiftPackageReference "ConfettiSwiftUI" */;
			productName = ConfettiSwiftUI;
		};
		8F9B15162EF3111900F02658 /* FirebaseMessaging */ = {
			isa = XCSwiftPackageProductDependency;
			package = 8F9B15152EF3111900F02658 /* XCRemoteSwiftPackageReference "firebase-ios-sdk" */;
			productName = FirebaseMessaging;
		};
		8F9B154C2EF4470200F02658 /* FirebaseMessaging */ = {
			isa = XCSwiftPackageProductDependency;
			package = 8F9B15152EF3111900F02658 /* XCRemoteSwiftPackageReference "firebase-ios-sdk" */;
			productName = FirebaseMessaging;
		};
/* End XCSwiftPackageProductDependency section */
	};
	rootObject = 956FBF052ED9A974008FD178 /* Project object */;
}
